
Microsoft Visual Studio Solution File, Format Version 12.00
# Visual Studio 2012
Project("{FAE04EC0-301F-11D3-BF4B-00C04F79EFBC}") = "HairSalon", "HairSalon\HairSalon.csproj", "{B7EB4CE7-A128-4E8D-8634-21FFAF947F6C}"
EndProject
Project("{FAE04EC0-301F-11D3-BF4B-00C04F79EFBC}") = "HairSalon.Tests", "HairSalon.Tests\HairSalon.Tests.csproj", "{CA50E733-8B80-41CE-9488-BE27B02D5F6F}"
EndProject
Global
	GlobalSection(SolutionConfigurationPlatforms) = preSolution
		Debug|Any CPU = Debug|Any CPU
		Release|Any CPU = Release|Any CPU
	EndGlobalSection
	GlobalSection(ProjectConfigurationPlatforms) = postSolution
		{B7EB4CE7-A128-4E8D-8634-21FFAF947F6C}.Debug|Any CPU.ActiveCfg = Debug|Any CPU
		{B7EB4CE7-A128-4E8D-8634-21FFAF947F6C}.Debug|Any CPU.Build.0 = Debug|Any CPU
		{B7EB4CE7-A128-4E8D-8634-21FFAF947F6C}.Release|Any CPU.ActiveCfg = Release|Any CPU
		{B7EB4CE7-A128-4E8D-8634-21FFAF947F6C}.Release|Any CPU.Build.0 = Release|Any CPU
		{CA50E733-8B80-41CE-9488-BE27B02D5F6F}.Debug|Any CPU.ActiveCfg = Debug|Any CPU
		{CA50E733-8B80-41CE-9488-BE27B02D5F6F}.Debug|Any CPU.Build.0 = Debug|Any CPU
		{CA50E733-8B80-41CE-9488-BE27B02D5F6F}.Release|Any CPU.ActiveCfg = Release|Any CPU
		{CA50E733-8B80-41CE-9488-BE27B02D5F6F}.Release|Any CPU.Build.0 = Release|Any CPU
	EndGlobalSection
EndGlobal
